
Microsoft Visual Studio Solution File, Format Version 12.00
# Visual Studio Version 17
VisualStudioVersion = 17.3.32922.545
MinimumVisualStudioVersion = 10.0.40219.1
Project("{8BC9CEB8-8B4A-11D0-8D11-00A0C91BC942}") = "Client", "Client.vcxproj", "{099AB779-7168-47F7-8C5F-D749667577FB}"
EndProject
Global
	GlobalSection(SolutionConfigurationPlatforms) = preSolution
		Debug|x64 = Debug|x64
		Debug|x86 = Debug|x86
		Release|x64 = Release|x64
		Release|x86 = Release|x86
	EndGlobalSection
	GlobalSection(ProjectConfigurationPlatforms) = postSolution
		{099AB779-7168-47F7-8C5F-D749667577FB}.Debug|x64.ActiveCfg = Debug|x64
		{099AB779-7168-47F7-8C5F-D749667577FB}.Debug|x64.Build.0 = Debug|x64
		{099AB779-7168-47F7-8C5F-D749667577FB}.Debug|x86.ActiveCfg = Debug|Win32
		{099AB779-7168-47F7-8C5F-D749667577FB}.Debug|x86.Build.0 = Debug|Win32
		{099AB779-7168-47F7-8C5F-D749667577FB}.Release|x64.ActiveCfg = Release|x64
		{099AB779-7168-47F7-8C5F-D749667577FB}.Release|x64.Build.0 = Release|x64
		{099AB779-7168-47F7-8C5F-D749667577FB}.Release|x86.ActiveCfg = Release|Win32
		{099AB779-7168-47F7-8C5F-D749667577FB}.Release|x86.Build.0 = Release|Win32
	EndGlobalSection
	GlobalSection(SolutionProperties) = preSolution
		HideSolutionNode = FALSE
	EndGlobalSection
	GlobalSection(ExtensibilityGlobals) = postSolution
		SolutionGuid = {A6D955F7-918C-418B-AD2D-999FEB7CD7F2}
	EndGlobalSection
EndGlobal
